{
    "name": "@ngxux/user-management",
    "version": "0.0.7",
    "lockfileVersion": 1,
    "requires": true,
    "dependencies": {
        "@ngxux/ngxux-mat-header-nav": {
            "version": "0.0.6",
            "resolved": "https://registry.npmjs.org/@ngxux/ngxux-mat-header-nav/-/ngxux-mat-header-nav-0.0.6.tgz",
            "integrity": "sha512-6ELKENMJN+fWiuQXSQ4Pv+DSeYvke0c+/j7ugQxiO1GPi5XHfK+0DDKOr7jWre0JQRrwxuvwrud4I9rO+D7p4A==",
            "requires": {
                "tslib": "^1.9.0"
            }
        },
        "tslib": {
            "version": "1.9.3",
            "resolved": "https://registry.npmjs.org/tslib/-/tslib-1.9.3.tgz",
            "integrity": "sha512-4krF8scpejhaOgqzBEcGM7yDIEfi0/8+8zDRZhNZZ2kjmHJ4hv3zCbQWxoJGz1iw5U0Jl0nma13xzHXcncMavQ=="
        }
    }
}
